
Microsoft Visual Studio Solution File, Format Version 12.00
# Visual Studio Version 17
VisualStudioVersion = 17.11.35312.102
MinimumVisualStudioVersion = 10.0.40219.1
Project("{FAE04EC0-301F-11D3-BF4B-00C04F79EFBC}") = "TourTeam.Server", "TourTeam.Server\TourTeam.Server.csproj", "{90C6EC45-7A42-42D6-A8E3-6BE56BBDB561}"
EndProject
Project("{54A90642-561A-4BB1-A94E-469ADEE60C69}") = "tourteam.client", "tourteam.client\tourteam.client.esproj", "{73C80E96-5F93-42C8-8022-09145CF981BB}"
EndProject
Global
	GlobalSection(SolutionConfigurationPlatforms) = preSolution
		Debug|Any CPU = Debug|Any CPU
		Release|Any CPU = Release|Any CPU
	EndGlobalSection
	GlobalSection(ProjectConfigurationPlatforms) = postSolution
		{90C6EC45-7A42-42D6-A8E3-6BE56BBDB561}.Debug|Any CPU.ActiveCfg = Debug|Any CPU
		{90C6EC45-7A42-42D6-A8E3-6BE56BBDB561}.Debug|Any CPU.Build.0 = Debug|Any CPU
		{90C6EC45-7A42-42D6-A8E3-6BE56BBDB561}.Release|Any CPU.ActiveCfg = Release|Any CPU
		{90C6EC45-7A42-42D6-A8E3-6BE56BBDB561}.Release|Any CPU.Build.0 = Release|Any CPU
		{73C80E96-5F93-42C8-8022-09145CF981BB}.Debug|Any CPU.ActiveCfg = Debug|Any CPU
		{73C80E96-5F93-42C8-8022-09145CF981BB}.Debug|Any CPU.Build.0 = Debug|Any CPU
		{73C80E96-5F93-42C8-8022-09145CF981BB}.Debug|Any CPU.Deploy.0 = Debug|Any CPU
		{73C80E96-5F93-42C8-8022-09145CF981BB}.Release|Any CPU.ActiveCfg = Release|Any CPU
		{73C80E96-5F93-42C8-8022-09145CF981BB}.Release|Any CPU.Build.0 = Release|Any CPU
		{73C80E96-5F93-42C8-8022-09145CF981BB}.Release|Any CPU.Deploy.0 = Release|Any CPU
	EndGlobalSection
	GlobalSection(SolutionProperties) = preSolution
		HideSolutionNode = FALSE
	EndGlobalSection
	GlobalSection(ExtensibilityGlobals) = postSolution
		SolutionGuid = {4FE47FED-AEFA-4611-9B1B-2CA5F36169D1}
	EndGlobalSection
EndGlobal
